github.com/alexedwards/flow v0.1.0 h1:2JY6lesAFIxB5uEcm4coM6FM8tLNGZovVXqRRTic8a4=
github.com/alexedwards/flow v0.1.0/go.mod h1:RtjEm3RTnsKqwE98bem/60/9cxEyZ0AQEz8GUZ0X+Ww=
github.com/mattn/go-sqlite3 v1.14.19 h1:fhGleo2h1p8tVChob4I9HpmVFIAkKGpiukdrgQbWfGI=
github.com/mattn/go-sqlite3 v1.14.19/go.mod h1:2eHXhiwb8IkHr+BDWZGa96P6+rkvnG63S2DGjv9HUNg=
